// !$*UTF8*$!
{
	archiveVersion = 1;
	classes = {
	};
	objectVersion = 50;
	objects = {

/* Begin PBXBuildFile section */
		6091D6D9253C15DA002046DA /* RxCocoa.framework in Frameworks */ = {isa = PBXBuildFile; fileRef = 6091D6BC253C15C2002046DA /* RxCocoa.framework */; };
		6091D6DA253C15DA002046DA /* RxRelay.framework in Frameworks */ = {isa = PBXBuildFile; fileRef = 6091D6BE253C15C2002046DA /* RxRelay.framework */; };
		6091D6DB253C15DA002046DA /* RxSwift.framework in Frameworks */ = {isa = PBXBuildFile; fileRef = 6091D6BA253C15C2002046DA /* RxSwift.framework */; };
		6091D6DC253C15E2002046DA /* RxBlocking.framework in Frameworks */ = {isa = PBXBuildFile; fileRef = 6091D6C0253C15C2002046DA /* RxBlocking.framework */; };
		6091D6E0253C18B8002046DA /* CountryResponse.swift in Sources */ = {isa = PBXBuildFile; fileRef = 6091D6DF253C18B8002046DA /* CountryResponse.swift */; };
		6091D6EE253C1EC4002046DA /* StateResponse.swift in Sources */ = {isa = PBXBuildFile; fileRef = 6091D6ED253C1EC4002046DA /* StateResponse.swift */; };
		6091D6F2253C20EC002046DA /* CityResponse.swift in Sources */ = {isa = PBXBuildFile; fileRef = 6091D6F1253C20EC002046DA /* CityResponse.swift */; };
		6091D6F6253C2B5F002046DA /* CityDataResponse.swift in Sources */ = {isa = PBXBuildFile; fileRef = 6091D6F5253C2B5F002046DA /* CityDataResponse.swift */; };
		6091D6FD253C2FB3002046DA /* CityData.swift in Sources */ = {isa = PBXBuildFile; fileRef = 6091D6FC253C2FB3002046DA /* CityData.swift */; };
		6091D703253C5806002046DA /* MainViewController.swift in Sources */ = {isa = PBXBuildFile; fileRef = 6091D702253C5806002046DA /* MainViewController.swift */; };
		6091D707253C7B20002046DA /* AirQualityIndexColor.swift in Sources */ = {isa = PBXBuildFile; fileRef = 6091D706253C7B20002046DA /* AirQualityIndexColor.swift */; };
		6091D70D253C7D77002046DA /* AirQualityIndexColorTest.swift in Sources */ = {isa = PBXBuildFile; fileRef = 6091D70C253C7D77002046DA /* AirQualityIndexColorTest.swift */; };
		60A817C9253DA6DB000E73B7 /* DetailViewController.swift in Sources */ = {isa = PBXBuildFile; fileRef = 60A817C8253DA6DB000E73B7 /* DetailViewController.swift */; };
		60DFC73F253B3E8800D20727 /* AppDelegate.swift in Sources */ = {isa = PBXBuildFile; fileRef = 60DFC73E253B3E8800D20727 /* AppDelegate.swift */; };
		60DFC741253B3E8800D20727 /* SceneDelegate.swift in Sources */ = {isa = PBXBuildFile; fileRef = 60DFC740253B3E8800D20727 /* SceneDelegate.swift */; };
		60DFC746253B3E8800D20727 /* Main.storyboard in Resources */ = {isa = PBXBuildFile; fileRef = 60DFC744253B3E8800D20727 /* Main.storyboard */; };
		60DFC748253B3E8B00D20727 /* Assets.xcassets in Resources */ = {isa = PBXBuildFile; fileRef = 60DFC747253B3E8B00D20727 /* Assets.xcassets */; };
		60DFC74B253B3E8B00D20727 /* LaunchScreen.storyboard in Resources */ = {isa = PBXBuildFile; fileRef = 60DFC749253B3E8B00D20727 /* LaunchScreen.storyboard */; };
		60DFC788253B402F00D20727 /* AirVisualApiTest.swift in Sources */ = {isa = PBXBuildFile; fileRef = 60DFC787253B402F00D20727 /* AirVisualApiTest.swift */; };
		60DFC797253B415900D20727 /* AirVisualApi.swift in Sources */ = {isa = PBXBuildFile; fileRef = 60DFC796253B415900D20727 /* AirVisualApi.swift */; };
/* End PBXBuildFile section */

/* Begin PBXContainerItemProxy section */
		6091D6B9253C15C2002046DA /* PBXContainerItemProxy */ = {
			isa = PBXContainerItemProxy;
			containerPortal = 6091D6AC253C15C2002046DA /* Rx.xcodeproj */;
			proxyType = 2;
			remoteGlobalIDString = C8A56AD71AD7424700B4673B;
			remoteInfo = RxSwift;
		};
		6091D6BB253C15C2002046DA /* PBXContainerItemProxy */ = {
			isa = PBXContainerItemProxy;
			containerPortal = 6091D6AC253C15C2002046DA /* Rx.xcodeproj */;
			proxyType = 2;
			remoteGlobalIDString = C809396D1B8A71760088E94D;
			remoteInfo = RxCocoa;
		};
		6091D6BD253C15C2002046DA /* PBXContainerItemProxy */ = {
			isa = PBXContainerItemProxy;
			containerPortal = 6091D6AC253C15C2002046DA /* Rx.xcodeproj */;
			proxyType = 2;
			remoteGlobalIDString = A2897D53225CA1E7004EA481;
			remoteInfo = RxRelay;
		};
		6091D6BF253C15C2002046DA /* PBXContainerItemProxy */ = {
			isa = PBXContainerItemProxy;
			containerPortal = 6091D6AC253C15C2002046DA /* Rx.xcodeproj */;
			proxyType = 2;
			remoteGlobalIDString = C8093BC71B8A71F00088E94D;
			remoteInfo = RxBlocking;
		};
		6091D6C1253C15C2002046DA /* PBXContainerItemProxy */ = {
			isa = PBXContainerItemProxy;
			containerPortal = 6091D6AC253C15C2002046DA /* Rx.xcodeproj */;
			proxyType = 2;
			remoteGlobalIDString = C88FA50C1C25C44800CCFEA4;
			remoteInfo = RxTest;
		};
		6091D6C3253C15C2002046DA /* PBXContainerItemProxy */ = {
			isa = PBXContainerItemProxy;
			containerPortal = 6091D6AC253C15C2002046DA /* Rx.xcodeproj */;
			proxyType = 2;
			remoteGlobalIDString = C83508C31C386F6F0027C24C;
			remoteInfo = "AllTests-iOS";
		};
		6091D6C5253C15C2002046DA /* PBXContainerItemProxy */ = {
			isa = PBXContainerItemProxy;
			containerPortal = 6091D6AC253C15C2002046DA /* Rx.xcodeproj */;
			proxyType = 2;
			remoteGlobalIDString = C83509841C38740E0027C24C;
			remoteInfo = "AllTests-tvOS";
		};
		6091D6C7253C15C2002046DA /* PBXContainerItemProxy */ = {
			isa = PBXContainerItemProxy;
			containerPortal = 6091D6AC253C15C2002046DA /* Rx.xcodeproj */;
			proxyType = 2;
			remoteGlobalIDString = C83509941C38742C0027C24C;
			remoteInfo = "AllTests-macOS";
		};
		6091D6C9253C15C2002046DA /* PBXContainerItemProxy */ = {
			isa = PBXContainerItemProxy;
			containerPortal = 6091D6AC253C15C2002046DA /* Rx.xcodeproj */;
			proxyType = 2;
			remoteGlobalIDString = C85BA04B1C3878740075D68E;
			remoteInfo = Microoptimizations;
		};
		6091D6CB253C15C2002046DA /* PBXContainerItemProxy */ = {
			isa = PBXContainerItemProxy;
			containerPortal = 6091D6AC253C15C2002046DA /* Rx.xcodeproj */;
			proxyType = 2;
			remoteGlobalIDString = C8E8BA551E2C181A00A4AC2C;
			remoteInfo = Benchmarks;
		};
		60DFC752253B3E8B00D20727 /* PBXContainerItemProxy */ = {
			isa = PBXContainerItemProxy;
			containerPortal = 60DFC733253B3E8800D20727 /* Project object */;
			proxyType = 1;
			remoteGlobalIDString = 60DFC73A253B3E8800D20727;
			remoteInfo = airQuality;
		};
/* End PBXContainerItemProxy section */

/* Begin PBXFileReference section */
		6091D6AC253C15C2002046DA /* Rx.xcodeproj */ = {isa = PBXFileReference; lastKnownFileType = "wrapper.pb-project"; name = Rx.xcodeproj; path = RxSwift/Rx.xcodeproj; sourceTree = "<group>"; };
		6091D6DF253C18B8002046DA /* CountryResponse.swift */ = {isa = PBXFileReference; lastKnownFileType = sourcecode.swift; path = CountryResponse.swift; sourceTree = "<group>"; };
		6091D6ED253C1EC4002046DA /* StateResponse.swift */ = {isa = PBXFileReference; lastKnownFileType = sourcecode.swift; path = StateResponse.swift; sourceTree = "<group>"; };
		6091D6F1253C20EC002046DA /* CityResponse.swift */ = {isa = PBXFileReference; lastKnownFileType = sourcecode.swift; path = CityResponse.swift; sourceTree = "<group>"; };
		6091D6F5253C2B5F002046DA /* CityDataResponse.swift */ = {isa = PBXFileReference; lastKnownFileType = sourcecode.swift; path = CityDataResponse.swift; sourceTree = "<group>"; };
		6091D6FC253C2FB3002046DA /* CityData.swift */ = {isa = PBXFileReference; lastKnownFileType = sourcecode.swift; path = CityData.swift; sourceTree = "<group>"; };
		6091D702253C5806002046DA /* MainViewController.swift */ = {isa = PBXFileReference; lastKnownFileType = sourcecode.swift; path = MainViewController.swift; sourceTree = "<group>"; };
		6091D706253C7B20002046DA /* AirQualityIndexColor.swift */ = {isa = PBXFileReference; lastKnownFileType = sourcecode.swift; path = AirQualityIndexColor.swift; sourceTree = "<group>"; };
		6091D70C253C7D77002046DA /* AirQualityIndexColorTest.swift */ = {isa = PBXFileReference; lastKnownFileType = sourcecode.swift; path = AirQualityIndexColorTest.swift; sourceTree = "<group>"; };
		60A817C8253DA6DB000E73B7 /* DetailViewController.swift */ = {isa = PBXFileReference; lastKnownFileType = sourcecode.swift; path = DetailViewController.swift; sourceTree = "<group>"; };
		60DFC73B253B3E8800D20727 /* airQuality.app */ = {isa = PBXFileReference; explicitFileType = wrapper.application; includeInIndex = 0; path = airQuality.app; sourceTree = BUILT_PRODUCTS_DIR; };
		60DFC73E253B3E8800D20727 /* AppDelegate.swift */ = {isa = PBXFileReference; lastKnownFileType = sourcecode.swift; path = AppDelegate.swift; sourceTree = "<group>"; };
		60DFC740253B3E8800D20727 /* SceneDelegate.swift */ = {isa = PBXFileReference; lastKnownFileType = sourcecode.swift; path = SceneDelegate.swift; sourceTree = "<group>"; };
		60DFC745253B3E8800D20727 /* Base */ = {isa = PBXFileReference; lastKnownFileType = file.storyboard; name = Base; path = Base.lproj/Main.storyboard; sourceTree = "<group>"; };
		60DFC747253B3E8B00D20727 /* Assets.xcassets */ = {isa = PBXFileReference; lastKnownFileType = folder.assetcatalog; path = Assets.xcassets; sourceTree = "<group>"; };
		60DFC74A253B3E8B00D20727 /* Base */ = {isa = PBXFileReference; lastKnownFileType = file.storyboard; name = Base; path = Base.lproj/LaunchScreen.storyboard; sourceTree = "<group>"; };
		60DFC74C253B3E8B00D20727 /* Info.plist */ = {isa = PBXFileReference; lastKnownFileType = text.plist.xml; path = Info.plist; sourceTree = "<group>"; };
		60DFC751253B3E8B00D20727 /* airQualityTests.xctest */ = {isa = PBXFileReference; explicitFileType = wrapper.cfbundle; includeInIndex = 0; path = airQualityTests.xctest; sourceTree = BUILT_PRODUCTS_DIR; };
		60DFC757253B3E8B00D20727 /* Info.plist */ = {isa = PBXFileReference; lastKnownFileType = text.plist.xml; path = Info.plist; sourceTree = "<group>"; };
		60DFC787253B402F00D20727 /* AirVisualApiTest.swift */ = {isa = PBXFileReference; lastKnownFileType = sourcecode.swift; path = AirVisualApiTest.swift; sourceTree = "<group>"; };
		60DFC796253B415900D20727 /* AirVisualApi.swift */ = {isa = PBXFileReference; lastKnownFileType = sourcecode.swift; path = AirVisualApi.swift; sourceTree = "<group>"; };
/* End PBXFileReference section */

/* Begin PBXFrameworksBuildPhase section */
		60DFC738253B3E8800D20727 /* Frameworks */ = {
			isa = PBXFrameworksBuildPhase;
			buildActionMask = 2147483647;
			files = (
				6091D6D9253C15DA002046DA /* RxCocoa.framework in Frameworks */,
				6091D6DA253C15DA002046DA /* RxRelay.framework in Frameworks */,
				6091D6DB253C15DA002046DA /* RxSwift.framework in Frameworks */,
			);
			runOnlyForDeploymentPostprocessing = 0;
		};
		60DFC74E253B3E8B00D20727 /* Frameworks */ = {
			isa = PBXFrameworksBuildPhase;
			buildActionMask = 2147483647;
			files = (
				6091D6DC253C15E2002046DA /* RxBlocking.framework in Frameworks */,
			);
			runOnlyForDeploymentPostprocessing = 0;
		};
/* End PBXFrameworksBuildPhase section */

/* Begin PBXGroup section */
		6091D6AD253C15C2002046DA /* Products */ = {
			isa = PBXGroup;
			children = (
				6091D6BA253C15C2002046DA /* RxSwift.framework */,
				6091D6BC253C15C2002046DA /* RxCocoa.framework */,
				6091D6BE253C15C2002046DA /* RxRelay.framework */,
				6091D6C0253C15C2002046DA /* RxBlocking.framework */,
				6091D6C2253C15C2002046DA /* RxTest.framework */,
				6091D6C4253C15C2002046DA /* AllTests-iOS.xctest */,
				6091D6C6253C15C2002046DA /* AllTests-tvOS.xctest */,
				6091D6C8253C15C2002046DA /* AllTests-macOS.xctest */,
				6091D6CA253C15C2002046DA /* PerformanceTests.app */,
				6091D6CC253C15C2002046DA /* Benchmarks.xctest */,
			);
			name = Products;
			sourceTree = "<group>";
		};
		6091D6FB253C2FA4002046DA /* Entity */ = {
			isa = PBXGroup;
			children = (
				6091D6FC253C2FB3002046DA /* CityData.swift */,
				6091D706253C7B20002046DA /* AirQualityIndexColor.swift */,
			);
			path = Entity;
			sourceTree = "<group>";
		};
		60A817BD253DA6C3000E73B7 /* ViewControllers */ = {
			isa = PBXGroup;
			children = (
				6091D702253C5806002046DA /* MainViewController.swift */,
				60A817C8253DA6DB000E73B7 /* DetailViewController.swift */,
			);
			path = ViewControllers;
			sourceTree = "<group>";
		};
		60DFC732253B3E8800D20727 = {
			isa = PBXGroup;
			children = (
				6091D6AC253C15C2002046DA /* Rx.xcodeproj */,
				60DFC73D253B3E8800D20727 /* airQuality */,
				60DFC754253B3E8B00D20727 /* airQualityTests */,
				60DFC73C253B3E8800D20727 /* Products */,
				60DFC79A253BD5D800D20727 /* Frameworks */,
			);
			sourceTree = "<group>";
		};
		60DFC73C253B3E8800D20727 /* Products */ = {
			isa = PBXGroup;
			children = (
				60DFC73B253B3E8800D20727 /* airQuality.app */,
				60DFC751253B3E8B00D20727 /* airQualityTests.xctest */,
			);
			name = Products;
			sourceTree = "<group>";
		};
		60DFC73D253B3E8800D20727 /* airQuality */ = {
			isa = PBXGroup;
			children = (
				60A817BD253DA6C3000E73B7 /* ViewControllers */,
				6091D6FB253C2FA4002046DA /* Entity */,
				60DFC795253B414600D20727 /* Adapter */,
				60DFC73E253B3E8800D20727 /* AppDelegate.swift */,
				60DFC740253B3E8800D20727 /* SceneDelegate.swift */,
				60DFC744253B3E8800D20727 /* Main.storyboard */,
				60DFC747253B3E8B00D20727 /* Assets.xcassets */,
				60DFC749253B3E8B00D20727 /* LaunchScreen.storyboard */,
				60DFC74C253B3E8B00D20727 /* Info.plist */,
			);
			path = airQuality;
			sourceTree = "<group>";
		};
		60DFC754253B3E8B00D20727 /* airQualityTests */ = {
			isa = PBXGroup;
			children = (
				60DFC757253B3E8B00D20727 /* Info.plist */,
				60DFC787253B402F00D20727 /* AirVisualApiTest.swift */,
				6091D70C253C7D77002046DA /* AirQualityIndexColorTest.swift */,
			);
			path = airQualityTests;
			sourceTree = "<group>";
		};
		60DFC795253B414600D20727 /* Adapter */ = {
			isa = PBXGroup;
			children = (
				60DFC796253B415900D20727 /* AirVisualApi.swift */,
				6091D6DF253C18B8002046DA /* CountryResponse.swift */,
				6091D6ED253C1EC4002046DA /* StateResponse.swift */,
				6091D6F1253C20EC002046DA /* CityResponse.swift */,
				6091D6F5253C2B5F002046DA /* CityDataResponse.swift */,
			);
			path = Adapter;
			sourceTree = "<group>";
		};
		60DFC79A253BD5D800D20727 /* Frameworks */ = {
			isa = PBXGroup;
			children = (
			);
			name = Frameworks;
			sourceTree = "<group>";
		};
/* End PBXGroup section */

/* Begin PBXNativeTarget section */
		60DFC73A253B3E8800D20727 /* airQuality */ = {
			isa = PBXNativeTarget;
			buildConfigurationList = 60DFC765253B3E8B00D20727 /* Build configuration list for PBXNativeTarget "airQuality" */;
			buildPhases = (
				60DFC737253B3E8800D20727 /* Sources */,
				60DFC738253B3E8800D20727 /* Frameworks */,
				60DFC739253B3E8800D20727 /* Resources */,
			);
			buildRules = (
			);
			dependencies = (
			);
			name = airQuality;
			packageProductDependencies = (
			);
			productName = airQuality;
			productReference = 60DFC73B253B3E8800D20727 /* airQuality.app */;
			productType = "com.apple.product-type.application";
		};
		60DFC750253B3E8B00D20727 /* airQualityTests */ = {
			isa = PBXNativeTarget;
			buildConfigurationList = 60DFC768253B3E8B00D20727 /* Build configuration list for PBXNativeTarget "airQualityTests" */;
			buildPhases = (
				60DFC74D253B3E8B00D20727 /* Sources */,
				60DFC74E253B3E8B00D20727 /* Frameworks */,
				60DFC74F253B3E8B00D20727 /* Resources */,
			);
			buildRules = (
			);
			dependencies = (
				60DFC753253B3E8B00D20727 /* PBXTargetDependency */,
			);
			name = airQualityTests;
			packageProductDependencies = (
			);
			productName = airQualityTests;
			productReference = 60DFC751253B3E8B00D20727 /* airQualityTests.xctest */;
			productType = "com.apple.product-type.bundle.unit-test";
		};
/* End PBXNativeTarget section */

/* Begin PBXProject section */
		60DFC733253B3E8800D20727 /* Project object */ = {
			isa = PBXProject;
			attributes = {
				LastSwiftUpdateCheck = 1200;
				LastUpgradeCheck = 1200;
				TargetAttributes = {
					60DFC73A253B3E8800D20727 = {
						CreatedOnToolsVersion = 12.0;
					};
					60DFC750253B3E8B00D20727 = {
						CreatedOnToolsVersion = 12.0;
						LastSwiftMigration = 1200;
						TestTargetID = 60DFC73A253B3E8800D20727;
					};
				};
			};
			buildConfigurationList = 60DFC736253B3E8800D20727 /* Build configuration list for PBXProject "airQuality" */;
			compatibilityVersion = "Xcode 9.3";
			developmentRegion = en;
			hasScannedForEncodings = 0;
			knownRegions = (
				en,
				Base,
			);
			mainGroup = 60DFC732253B3E8800D20727;
			packageReferences = (
			);
			productRefGroup = 60DFC73C253B3E8800D20727 /* Products */;
			projectDirPath = "";
			projectReferences = (
				{
					ProductGroup = 6091D6AD253C15C2002046DA /* Products */;
					ProjectRef = 6091D6AC253C15C2002046DA /* Rx.xcodeproj */;
				},
			);
			projectRoot = "";
			targets = (
				60DFC73A253B3E8800D20727 /* airQuality */,
				60DFC750253B3E8B00D20727 /* airQualityTests */,
			);
		};
/* End PBXProject section */

/* Begin PBXReferenceProxy section */
		6091D6BA253C15C2002046DA /* RxSwift.framework */ = {
			isa = PBXReferenceProxy;
			fileType = wrapper.framework;
			path = RxSwift.framework;
			remoteRef = 6091D6B9253C15C2002046DA /* PBXContainerItemProxy */;
			sourceTree = BUILT_PRODUCTS_DIR;
		};
		6091D6BC253C15C2002046DA /* RxCocoa.framework */ = {
			isa = PBXReferenceProxy;
			fileType = wrapper.framework;
			path = RxCocoa.framework;
			remoteRef = 6091D6BB253C15C2002046DA /* PBXContainerItemProxy */;
			sourceTree = BUILT_PRODUCTS_DIR;
		};
		6091D6BE253C15C2002046DA /* RxRelay.framework */ = {
			isa = PBXReferenceProxy;
			fileType = wrapper.framework;
			path = RxRelay.framework;
			remoteRef = 6091D6BD253C15C2002046DA /* PBXContainerItemProxy */;
			sourceTree = BUILT_PRODUCTS_DIR;
		};
		6091D6C0253C15C2002046DA /* RxBlocking.framework */ = {
			isa = PBXReferenceProxy;
			fileType = wrapper.framework;
			path = RxBlocking.framework;
			remoteRef = 6091D6BF253C15C2002046DA /* PBXContainerItemProxy */;
			sourceTree = BUILT_PRODUCTS_DIR;
		};
		6091D6C2253C15C2002046DA /* RxTest.framework */ = {
			isa = PBXReferenceProxy;
			fileType = wrapper.framework;
			path = RxTest.framework;
			remoteRef = 6091D6C1253C15C2002046DA /* PBXContainerItemProxy */;
			sourceTree = BUILT_PRODUCTS_DIR;
		};
		6091D6C4253C15C2002046DA /* AllTests-iOS.xctest */ = {
			isa = PBXReferenceProxy;
			fileType = wrapper.cfbundle;
			path = "AllTests-iOS.xctest";
			remoteRef = 6091D6C3253C15C2002046DA /* PBXContainerItemProxy */;
			sourceTree = BUILT_PRODUCTS_DIR;
		};
		6091D6C6253C15C2002046DA /* AllTests-tvOS.xctest */ = {
			isa = PBXReferenceProxy;
			fileType = wrapper.cfbundle;
			path = "AllTests-tvOS.xctest";
			remoteRef = 6091D6C5253C15C2002046DA /* PBXContainerItemProxy */;
			sourceTree = BUILT_PRODUCTS_DIR;
		};
		6091D6C8253C15C2002046DA /* AllTests-macOS.xctest */ = {
			isa = PBXReferenceProxy;
			fileType = wrapper.cfbundle;
			path = "AllTests-macOS.xctest";
			remoteRef = 6091D6C7253C15C2002046DA /* PBXContainerItemProxy */;
			sourceTree = BUILT_PRODUCTS_DIR;
		};
		6091D6CA253C15C2002046DA /* PerformanceTests.app */ = {
			isa = PBXReferenceProxy;
			fileType = wrapper.application;
			name = PerformanceTests.app;
			path = Microoptimizations.app;
			remoteRef = 6091D6C9253C15C2002046DA /* PBXContainerItemProxy */;
			sourceTree = BUILT_PRODUCTS_DIR;
		};
		6091D6CC253C15C2002046DA /* Benchmarks.xctest */ = {
			isa = PBXReferenceProxy;
			fileType = wrapper.cfbundle;
			path = Benchmarks.xctest;
			remoteRef = 6091D6CB253C15C2002046DA /* PBXContainerItemProxy */;
			sourceTree = BUILT_PRODUCTS_DIR;
		};
/* End PBXReferenceProxy section */

/* Begin PBXResourcesBuildPhase section */
		60DFC739253B3E8800D20727 /* Resources */ = {
			isa = PBXResourcesBuildPhase;
			buildActionMask = 2147483647;
			files = (
				60DFC74B253B3E8B00D20727 /* LaunchScreen.storyboard in Resources */,
				60DFC748253B3E8B00D20727 /* Assets.xcassets in Resources */,
				60DFC746253B3E8800D20727 /* Main.storyboard in Resources */,
			);
			runOnlyForDeploymentPostprocessing = 0;
		};
		60DFC74F253B3E8B00D20727 /* Resources */ = {
			isa = PBXResourcesBuildPhase;
			buildActionMask = 2147483647;
			files = (
			);
			runOnlyForDeploymentPostprocessing = 0;
		};
/* End PBXResourcesBuildPhase section */

/* Begin PBXSourcesBuildPhase section */
		60DFC737253B3E8800D20727 /* Sources */ = {
			isa = PBXSourcesBuildPhase;
			buildActionMask = 2147483647;
			files = (
				60A817C9253DA6DB000E73B7 /* DetailViewController.swift in Sources */,
				6091D6F2253C20EC002046DA /* CityResponse.swift in Sources */,
				6091D6EE253C1EC4002046DA /* StateResponse.swift in Sources */,
				6091D6FD253C2FB3002046DA /* CityData.swift in Sources */,
				60DFC73F253B3E8800D20727 /* AppDelegate.swift in Sources */,
				60DFC741253B3E8800D20727 /* SceneDelegate.swift in Sources */,
				6091D707253C7B20002046DA /* AirQualityIndexColor.swift in Sources */,
				6091D6F6253C2B5F002046DA /* CityDataResponse.swift in Sources */,
				6091D6E0253C18B8002046DA /* CountryResponse.swift in Sources */,
				60DFC797253B415900D20727 /* AirVisualApi.swift in Sources */,
				6091D703253C5806002046DA /* MainViewController.swift in Sources */,
			);
			runOnlyForDeploymentPostprocessing = 0;
		};
		60DFC74D253B3E8B00D20727 /* Sources */ = {
			isa = PBXSourcesBuildPhase;
			buildActionMask = 2147483647;
			files = (
				60DFC788253B402F00D20727 /* AirVisualApiTest.swift in Sources */,
				6091D70D253C7D77002046DA /* AirQualityIndexColorTest.swift in Sources */,
			);
			runOnlyForDeploymentPostprocessing = 0;
		};
/* End PBXSourcesBuildPhase section */

/* Begin PBXTargetDependency section */
		60DFC753253B3E8B00D20727 /* PBXTargetDependency */ = {
			isa = PBXTargetDependency;
			target = 60DFC73A253B3E8800D20727 /* airQuality */;
			targetProxy = 60DFC752253B3E8B00D20727 /* PBXContainerItemProxy */;
		};
/* End PBXTargetDependency section */

/* Begin PBXVariantGroup section */
		60DFC744253B3E8800D20727 /* Main.storyboard */ = {
			isa = PBXVariantGroup;
			children = (
				60DFC745253B3E8800D20727 /* Base */,
			);
			name = Main.storyboard;
			sourceTree = "<group>";
		};
		60DFC749253B3E8B00D20727 /* LaunchScreen.storyboard */ = {
			isa = PBXVariantGroup;
			children = (
				60DFC74A253B3E8B00D20727 /* Base */,
			);
			name = LaunchScreen.storyboard;
			sourceTree = "<group>";
		};
/* End PBXVariantGroup section */

/* Begin XCBuildConfiguration section */
		60DFC763253B3E8B00D20727 /* Debug */ = {
			isa = XCBuildConfiguration;
			buildSettings = {
				ALWAYS_SEARCH_USER_PATHS = NO;
				CLANG_ANALYZER_NONNULL = YES;
				CLANG_ANALYZER_NUMBER_OBJECT_CONVERSION = YES_AGGRESSIVE;
				CLANG_CXX_LANGUAGE_STANDARD = "gnu++14";
				CLANG_CXX_LIBRARY = "libc++";
				CLANG_ENABLE_MODULES = YES;
				CLANG_ENABLE_OBJC_ARC = YES;
				CLANG_ENABLE_OBJC_WEAK = YES;
				CLANG_WARN_BLOCK_CAPTURE_AUTORELEASING = YES;
				CLANG_WARN_BOOL_CONVERSION = YES;
				CLANG_WARN_COMMA = YES;
				CLANG_WARN_CONSTANT_CONVERSION = YES;
				CLANG_WARN_DEPRECATED_OBJC_IMPLEMENTATIONS = YES;
				CLANG_WARN_DIRECT_OBJC_ISA_USAGE = YES_ERROR;
				CLANG_WARN_DOCUMENTATION_COMMENTS = YES;
				CLANG_WARN_EMPTY_BODY = YES;
				CLANG_WARN_ENUM_CONVERSION = YES;
				CLANG_WARN_INFINITE_RECURSION = YES;
				CLANG_WARN_INT_CONVERSION = YES;
				CLANG_WARN_NON_LITERAL_NULL_CONVERSION = YES;
				CLANG_WARN_OBJC_IMPLICIT_RETAIN_SELF = YES;
				CLANG_WARN_OBJC_LITERAL_CONVERSION = YES;
				CLANG_WARN_OBJC_ROOT_CLASS = YES_ERROR;
				CLANG_WARN_QUOTED_INCLUDE_IN_FRAMEWORK_HEADER = YES;
				CLANG_WARN_RANGE_LOOP_ANALYSIS = YES;
				CLANG_WARN_STRICT_PROTOTYPES = YES;
				CLANG_WARN_SUSPICIOUS_MOVE = YES;
				CLANG_WARN_UNGUARDED_AVAILABILITY = YES_AGGRESSIVE;
				CLANG_WARN_UNREACHABLE_CODE = YES;
				CLANG_WARN__DUPLICATE_METHOD_MATCH = YES;
				COPY_PHASE_STRIP = NO;
				DEBUG_INFORMATION_FORMAT = dwarf;
				ENABLE_STRICT_OBJC_MSGSEND = YES;
				ENABLE_TESTABILITY = YES;
				GCC_C_LANGUAGE_STANDARD = gnu11;
				GCC_DYNAMIC_NO_PIC = NO;
				GCC_NO_COMMON_BLOCKS = YES;
				GCC_OPTIMIZATION_LEVEL = 0;
				GCC_PREPROCESSOR_DEFINITIONS = (
					"DEBUG=1",
					"$(inherited)",
				);
				GCC_WARN_64_TO_32_BIT_CONVERSION = YES;
				GCC_WARN_ABOUT_RETURN_TYPE = YES_ERROR;
				GCC_WARN_UNDECLARED_SELECTOR = YES;
				GCC_WARN_UNINITIALIZED_AUTOS = YES_AGGRESSIVE;
				GCC_WARN_UNUSED_FUNCTION = YES;
				GCC_WARN_UNUSED_VARIABLE = YES;
				IPHONEOS_DEPLOYMENT_TARGET = 14.0;
				MTL_ENABLE_DEBUG_INFO = INCLUDE_SOURCE;
				MTL_FAST_MATH = YES;
				ONLY_ACTIVE_ARCH = YES;
				SDKROOT = iphoneos;
				SWIFT_ACTIVE_COMPILATION_CONDITIONS = DEBUG;
				SWIFT_OPTIMIZATION_LEVEL = "-Onone";
			};
			name = Debug;
		};
		60DFC764253B3E8B00D20727 /* Release */ = {
			isa = XCBuildConfiguration;
			buildSettings = {
				ALWAYS_SEARCH_USER_PATHS = NO;
				CLANG_ANALYZER_NONNULL = YES;
				CLANG_ANALYZER_NUMBER_OBJECT_CONVERSION = YES_AGGRESSIVE;
				CLANG_CXX_LANGUAGE_STANDARD = "gnu++14";
				CLANG_CXX_LIBRARY = "libc++";
				CLANG_ENABLE_MODULES = YES;
				CLANG_ENABLE_OBJC_ARC = YES;
				CLANG_ENABLE_OBJC_WEAK = YES;
				CLANG_WARN_BLOCK_CAPTURE_AUTORELEASING = YES;
				CLANG_WARN_BOOL_CONVERSION = YES;
				CLANG_WARN_COMMA = YES;
				CLANG_WARN_CONSTANT_CONVERSION = YES;
				CLANG_WARN_DEPRECATED_OBJC_IMPLEMENTATIONS = YES;
				CLANG_WARN_DIRECT_OBJC_ISA_USAGE = YES_ERROR;
				CLANG_WARN_DOCUMENTATION_COMMENTS = YES;
				CLANG_WARN_EMPTY_BODY = YES;
				CLANG_WARN_ENUM_CONVERSION = YES;
				CLANG_WARN_INFINITE_RECURSION = YES;
				CLANG_WARN_INT_CONVERSION = YES;
				CLANG_WARN_NON_LITERAL_NULL_CONVERSION = YES;
				CLANG_WARN_OBJC_IMPLICIT_RETAIN_SELF = YES;
				CLANG_WARN_OBJC_LITERAL_CONVERSION = YES;
				CLANG_WARN_OBJC_ROOT_CLASS = YES_ERROR;
				CLANG_WARN_QUOTED_INCLUDE_IN_FRAMEWORK_HEADER = YES;
				CLANG_WARN_RANGE_LOOP_ANALYSIS = YES;
				CLANG_WARN_STRICT_PROTOTYPES = YES;
				CLANG_WARN_SUSPICIOUS_MOVE = YES;
				CLANG_WARN_UNGUARDED_AVAILABILITY = YES_AGGRESSIVE;
				CLANG_WARN_UNREACHABLE_CODE = YES;
				CLANG_WARN__DUPLICATE_METHOD_MATCH = YES;
				COPY_PHASE_STRIP = NO;
				DEBUG_INFORMATION_FORMAT = "dwarf-with-dsym";
				ENABLE_NS_ASSERTIONS = NO;
				ENABLE_STRICT_OBJC_MSGSEND = YES;
				GCC_C_LANGUAGE_STANDARD = gnu11;
				GCC_NO_COMMON_BLOCKS = YES;
				GCC_WARN_64_TO_32_BIT_CONVERSION = YES;
				GCC_WARN_ABOUT_RETURN_TYPE = YES_ERROR;
				GCC_WARN_UNDECLARED_SELECTOR = YES;
				GCC_WARN_UNINITIALIZED_AUTOS = YES_AGGRESSIVE;
				GCC_WARN_UNUSED_FUNCTION = YES;
				GCC_WARN_UNUSED_VARIABLE = YES;
				IPHONEOS_DEPLOYMENT_TARGET = 14.0;
				MTL_ENABLE_DEBUG_INFO = NO;
				MTL_FAST_MATH = YES;
				SDKROOT = iphoneos;
				SWIFT_COMPILATION_MODE = wholemodule;
				SWIFT_OPTIMIZATION_LEVEL = "-O";
				VALIDATE_PRODUCT = YES;
			};
			name = Release;
		};
		60DFC766253B3E8B00D20727 /* Debug */ = {
			isa = XCBuildConfiguration;
			buildSettings = {
				ASSETCATALOG_COMPILER_APPICON_NAME = AppIcon;
				ASSETCATALOG_COMPILER_GLOBAL_ACCENT_COLOR_NAME = AccentColor;
				CODE_SIGN_STYLE = Automatic;
				DEVELOPMENT_TEAM = 62G3JZ25AL;
				INFOPLIST_FILE = airQuality/Info.plist;
				LD_RUNPATH_SEARCH_PATHS = (
					"$(inherited)",
					"@executable_path/Frameworks",
				);
				PRODUCT_BUNDLE_IDENTIFIER = com.dz.airQuality;
				PRODUCT_NAME = "$(TARGET_NAME)";
				SWIFT_VERSION = 5.0;
				TARGETED_DEVICE_FAMILY = "1,2";
			};
			name = Debug;
		};
		60DFC767253B3E8B00D20727 /* Release */ = {
			isa = XCBuildConfiguration;
			buildSettings = {
				ASSETCATALOG_COMPILER_APPICON_NAME = AppIcon;
				ASSETCATALOG_COMPILER_GLOBAL_ACCENT_COLOR_NAME = AccentColor;
				CODE_SIGN_STYLE = Automatic;
				DEVELOPMENT_TEAM = 62G3JZ25AL;
				INFOPLIST_FILE = airQuality/Info.plist;
				LD_RUNPATH_SEARCH_PATHS = (
					"$(inherited)",
					"@executable_path/Frameworks",
				);
				PRODUCT_BUNDLE_IDENTIFIER = com.dz.airQuality;
				PRODUCT_NAME = "$(TARGET_NAME)";
				SWIFT_VERSION = 5.0;
				TARGETED_DEVICE_FAMILY = "1,2";
			};
			name = Release;
		};
		60DFC769253B3E8B00D20727 /* Debug */ = {
			isa = XCBuildConfiguration;
			buildSettings = {
				ALWAYS_EMBED_SWIFT_STANDARD_LIBRARIES = YES;
				BUNDLE_LOADER = "$(TEST_HOST)";
				CLANG_ENABLE_MODULES = YES;
				CODE_SIGN_STYLE = Automatic;
				DEVELOPMENT_TEAM = 62G3JZ25AL;
				INFOPLIST_FILE = airQualityTests/Info.plist;
				IPHONEOS_DEPLOYMENT_TARGET = 14.0;
				LD_RUNPATH_SEARCH_PATHS = (
					"$(inherited)",
					"@executable_path/Frameworks",
					"@loader_path/Frameworks",
				);
				PRODUCT_BUNDLE_IDENTIFIER = com.dz.airQualityTests;
				PRODUCT_NAME = "$(TARGET_NAME)";
				SWIFT_OBJC_BRIDGING_HEADER = "";
				SWIFT_OPTIMIZATION_LEVEL = "-Onone";
				SWIFT_VERSION = 5.0;
				TARGETED_DEVICE_FAMILY = "1,2";
				TEST_HOST = "$(BUILT_PRODUCTS_DIR)/airQuality.app/airQuality";
			};
			name = Debug;
		};
		60DFC76A253B3E8B00D20727 /* Release */ = {
			isa = XCBuildConfiguration;
			buildSettings = {
				ALWAYS_EMBED_SWIFT_STANDARD_LIBRARIES = YES;
				BUNDLE_LOADER = "$(TEST_HOST)";
				CLANG_ENABLE_MODULES = YES;
				CODE_SIGN_STYLE = Automatic;
				DEVELOPMENT_TEAM = 62G3JZ25AL;
				INFOPLIST_FILE = airQualityTests/Info.plist;
				IPHONEOS_DEPLOYMENT_TARGET = 14.0;
				LD_RUNPATH_SEARCH_PATHS = (
					"$(inherited)",
					"@executable_path/Frameworks",
					"@loader_path/Frameworks",
				);
				PRODUCT_BUNDLE_IDENTIFIER = com.dz.airQualityTests;
				PRODUCT_NAME = "$(TARGET_NAME)";
				SWIFT_OBJC_BRIDGING_HEADER = "";
				SWIFT_VERSION = 5.0;
				TARGETED_DEVICE_FAMILY = "1,2";
				TEST_HOST = "$(BUILT_PRODUCTS_DIR)/airQuality.app/airQuality";
			};
			name = Release;
		};
/* End XCBuildConfiguration section */

/* Begin XCConfigurationList section */
		60DFC736253B3E8800D20727 /* Build configuration list for PBXProject "airQuality" */ = {
			isa = XCConfigurationList;
			buildConfigurations = (
				60DFC763253B3E8B00D20727 /* Debug */,
				60DFC764253B3E8B00D20727 /* Release */,
			);
			defaultConfigurationIsVisible = 0;
			defaultConfigurationName = Release;
		};
		60DFC765253B3E8B00D20727 /* Build configuration list for PBXNativeTarget "airQuality" */ = {
			isa = XCConfigurationList;
			buildConfigurations = (
				60DFC766253B3E8B00D20727 /* Debug */,
				60DFC767253B3E8B00D20727 /* Release */,
			);
			defaultConfigurationIsVisible = 0;
			defaultConfigurationName = Release;
		};
		60DFC768253B3E8B00D20727 /* Build configuration list for PBXNativeTarget "airQualityTests" */ = {
			isa = XCConfigurationList;
			buildConfigurations = (
				60DFC769253B3E8B00D20727 /* Debug */,
				60DFC76A253B3E8B00D20727 /* Release */,
			);
			defaultConfigurationIsVisible = 0;
			defaultConfigurationName = Release;
		};
/* End XCConfigurationList section */
	};
	rootObject = 60DFC733253B3E8800D20727 /* Project object */;
}
